
Microsoft Visual Studio Solution File, Format Version 12.00
# Visual Studio 15
VisualStudioVersion = 15.0.28010.2036
MinimumVisualStudioVersion = 10.0.40219.1
Project("{FAE04EC0-301F-11D3-BF4B-00C04F79EFBC}") = "LP2P1", "LP2P1\LP2P1.csproj", "{2D28DC0C-C1EB-4D2C-B23D-7B2B058FC286}"
EndProject
Global
	GlobalSection(SolutionConfigurationPlatforms) = preSolution
		Debug|Any CPU = Debug|Any CPU
		Release|Any CPU = Release|Any CPU
	EndGlobalSection
	GlobalSection(ProjectConfigurationPlatforms) = postSolution
		{2D28DC0C-C1EB-4D2C-B23D-7B2B058FC286}.Debug|Any CPU.ActiveCfg = Debug|Any CPU
		{2D28DC0C-C1EB-4D2C-B23D-7B2B058FC286}.Debug|Any CPU.Build.0 = Debug|Any CPU
		{2D28DC0C-C1EB-4D2C-B23D-7B2B058FC286}.Release|Any CPU.ActiveCfg = Release|Any CPU
		{2D28DC0C-C1EB-4D2C-B23D-7B2B058FC286}.Release|Any CPU.Build.0 = Release|Any CPU
	EndGlobalSection
	GlobalSection(SolutionProperties) = preSolution
		HideSolutionNode = FALSE
	EndGlobalSection
	GlobalSection(ExtensibilityGlobals) = postSolution
		SolutionGuid = {4100B950-DC3E-4766-B855-D41E9C5EBFB9}
	EndGlobalSection
EndGlobal
